// !$*UTF8*$!
{
	archiveVersion = 1;
	classes = {
	};
	objectVersion = 48;
	objects = {

/* Begin PBXBuildFile section */
		6B3D0FAB1F92D0F300346E32 /* AppDelegate.swift in Sources */ = {isa = PBXBuildFile; fileRef = 6B3D0FAA1F92D0F300346E32 /* AppDelegate.swift */; };
		6B3D0FAD1F92D0F300346E32 /* ViewController.swift in Sources */ = {isa = PBXBuildFile; fileRef = 6B3D0FAC1F92D0F300346E32 /* ViewController.swift */; };
		6B3D0FB01F92D0F300346E32 /* Main.storyboard in Resources */ = {isa = PBXBuildFile; fileRef = 6B3D0FAE1F92D0F300346E32 /* Main.storyboard */; };
		6B3D0FB21F92D0F300346E32 /* Assets.xcassets in Resources */ = {isa = PBXBuildFile; fileRef = 6B3D0FB11F92D0F300346E32 /* Assets.xcassets */; };
		6B3D0FB51F92D0F300346E32 /* LaunchScreen.storyboard in Resources */ = {isa = PBXBuildFile; fileRef = 6B3D0FB31F92D0F300346E32 /* LaunchScreen.storyboard */; };
		6B3D0FC01F92D0F300346E32 /* ImagePickerTests.swift in Sources */ = {isa = PBXBuildFile; fileRef = 6B3D0FBF1F92D0F300346E32 /* ImagePickerTests.swift */; };
		6B3D0FCB1F92D0F300346E32 /* ImagePickerUITests.swift in Sources */ = {isa = PBXBuildFile; fileRef = 6B3D0FCA1F92D0F300346E32 /* ImagePickerUITests.swift */; };
		6B3D0FD91F9335E600346E32 /* BigImageViewController.swift in Sources */ = {isa = PBXBuildFile; fileRef = 6B3D0FD81F9335E600346E32 /* BigImageViewController.swift */; };
/* End PBXBuildFile section */

/* Begin PBXContainerItemProxy section */
		6B3D0FBC1F92D0F300346E32 /* PBXContainerItemProxy */ = {
			isa = PBXContainerItemProxy;
			containerPortal = 6B3D0F9F1F92D0F300346E32 /* Project object */;
			proxyType = 1;
			remoteGlobalIDString = 6B3D0FA61F92D0F300346E32;
			remoteInfo = ImagePicker;
		};
		6B3D0FC71F92D0F300346E32 /* PBXContainerItemProxy */ = {
			isa = PBXContainerItemProxy;
			containerPortal = 6B3D0F9F1F92D0F300346E32 /* Project object */;
			proxyType = 1;
			remoteGlobalIDString = 6B3D0FA61F92D0F300346E32;
			remoteInfo = ImagePicker;
		};
/* End PBXContainerItemProxy section */

/* Begin PBXFileReference section */
		6B3D0FA71F92D0F300346E32 /* ImagePicker.app */ = {isa = PBXFileReference; explicitFileType = wrapper.application; includeInIndex = 0; path = ImagePicker.app; sourceTree = BUILT_PRODUCTS_DIR; };
		6B3D0FAA1F92D0F300346E32 /* AppDelegate.swift */ = {isa = PBXFileReference; lastKnownFileType = sourcecode.swift; path = AppDelegate.swift; sourceTree = "<group>"; };
		6B3D0FAC1F92D0F300346E32 /* ViewController.swift */ = {isa = PBXFileReference; lastKnownFileType = sourcecode.swift; path = ViewController.swift; sourceTree = "<group>"; };
		6B3D0FAF1F92D0F300346E32 /* Base */ = {isa = PBXFileReference; lastKnownFileType = file.storyboard; name = Base; path = Base.lproj/Main.storyboard; sourceTree = "<group>"; };
		6B3D0FB11F92D0F300346E32 /* Assets.xcassets */ = {isa = PBXFileReference; lastKnownFileType = folder.assetcatalog; path = Assets.xcassets; sourceTree = "<group>"; };
		6B3D0FB41F92D0F300346E32 /* Base */ = {isa = PBXFileReference; lastKnownFileType = file.storyboard; name = Base; path = Base.lproj/LaunchScreen.storyboard; sourceTree = "<group>"; };
		6B3D0FB61F92D0F300346E32 /* Info.plist */ = {isa = PBXFileReference; lastKnownFileType = text.plist.xml; path = Info.plist; sourceTree = "<group>"; };
		6B3D0FBB1F92D0F300346E32 /* ImagePickerTests.xctest */ = {isa = PBXFileReference; explicitFileType = wrapper.cfbundle; includeInIndex = 0; path = ImagePickerTests.xctest; sourceTree = BUILT_PRODUCTS_DIR; };
		6B3D0FBF1F92D0F300346E32 /* ImagePickerTests.swift */ = {isa = PBXFileReference; lastKnownFileType = sourcecode.swift; path = ImagePickerTests.swift; sourceTree = "<group>"; };
		6B3D0FC11F92D0F300346E32 /* Info.plist */ = {isa = PBXFileReference; lastKnownFileType = text.plist.xml; path = Info.plist; sourceTree = "<group>"; };
		6B3D0FC61F92D0F300346E32 /* ImagePickerUITests.xctest */ = {isa = PBXFileReference; explicitFileType = wrapper.cfbundle; includeInIndex = 0; path = ImagePickerUITests.xctest; sourceTree = BUILT_PRODUCTS_DIR; };
		6B3D0FCA1F92D0F300346E32 /* ImagePickerUITests.swift */ = {isa = PBXFileReference; lastKnownFileType = sourcecode.swift; path = ImagePickerUITests.swift; sourceTree = "<group>"; };
		6B3D0FCC1F92D0F300346E32 /* Info.plist */ = {isa = PBXFileReference; lastKnownFileType = text.plist.xml; path = Info.plist; sourceTree = "<group>"; };
		6B3D0FD81F9335E600346E32 /* BigImageViewController.swift */ = {isa = PBXFileReference; lastKnownFileType = sourcecode.swift; path = BigImageViewController.swift; sourceTree = "<group>"; };
/* End PBXFileReference section */

/* Begin PBXFrameworksBuildPhase section */
		6B3D0FA41F92D0F300346E32 /* Frameworks */ = {
			isa = PBXFrameworksBuildPhase;
			buildActionMask = 2147483647;
			files = (
			);
			runOnlyForDeploymentPostprocessing = 0;
		};
		6B3D0FB81F92D0F300346E32 /* Frameworks */ = {
			isa = PBXFrameworksBuildPhase;
			buildActionMask = 2147483647;
			files = (
			);
			runOnlyForDeploymentPostprocessing = 0;
		};
		6B3D0FC31F92D0F300346E32 /* Frameworks */ = {
			isa = PBXFrameworksBuildPhase;
			buildActionMask = 2147483647;
			files = (
			);
			runOnlyForDeploymentPostprocessing = 0;
		};
/* End PBXFrameworksBuildPhase section */

/* Begin PBXGroup section */
		6B3D0F9E1F92D0F300346E32 = {
			isa = PBXGroup;
			children = (
				6B3D0FA91F92D0F300346E32 /* ImagePicker */,
				6B3D0FBE1F92D0F300346E32 /* ImagePickerTests */,
				6B3D0FC91F92D0F300346E32 /* ImagePickerUITests */,
				6B3D0FA81F92D0F300346E32 /* Products */,
			);
			sourceTree = "<group>";
		};
		6B3D0FA81F92D0F300346E32 /* Products */ = {
			isa = PBXGroup;
			children = (
				6B3D0FA71F92D0F300346E32 /* ImagePicker.app */,
				6B3D0FBB1F92D0F300346E32 /* ImagePickerTests.xctest */,
				6B3D0FC61F92D0F300346E32 /* ImagePickerUITests.xctest */,
			);
			name = Products;
			sourceTree = "<group>";
		};
		6B3D0FA91F92D0F300346E32 /* ImagePicker */ = {
			isa = PBXGroup;
			children = (
				6B3D0FAA1F92D0F300346E32 /* AppDelegate.swift */,
				6B3D0FAC1F92D0F300346E32 /* ViewController.swift */,
				6B3D0FD81F9335E600346E32 /* BigImageViewController.swift */,
				6B3D0FAE1F92D0F300346E32 /* Main.storyboard */,
				6B3D0FB11F92D0F300346E32 /* Assets.xcassets */,
				6B3D0FB31F92D0F300346E32 /* LaunchScreen.storyboard */,
				6B3D0FB61F92D0F300346E32 /* Info.plist */,
			);
			path = ImagePicker;
			sourceTree = "<group>";
		};
		6B3D0FBE1F92D0F300346E32 /* ImagePickerTests */ = {
			isa = PBXGroup;
			children = (
				6B3D0FBF1F92D0F300346E32 /* ImagePickerTests.swift */,
				6B3D0FC11F92D0F300346E32 /* Info.plist */,
			);
			path = ImagePickerTests;
			sourceTree = "<group>";
		};
		6B3D0FC91F92D0F300346E32 /* ImagePickerUITests */ = {
			isa = PBXGroup;
			children = (
				6B3D0FCA1F92D0F300346E32 /* ImagePickerUITests.swift */,
				6B3D0FCC1F92D0F300346E32 /* Info.plist */,
			);
			path = ImagePickerUITests;
			sourceTree = "<group>";
		};
/* End PBXGroup section */

/* Begin PBXNativeTarget section */
		6B3D0FA61F92D0F300346E32 /* ImagePicker */ = {
			isa = PBXNativeTarget;
			buildConfigurationList = 6B3D0FCF1F92D0F300346E32 /* Build configuration list for PBXNativeTarget "ImagePicker" */;
			buildPhases = (
				6B3D0FA31F92D0F300346E32 /* Sources */,
				6B3D0FA41F92D0F300346E32 /* Frameworks */,
				6B3D0FA51F92D0F300346E32 /* Resources */,
			);
			buildRules = (
			);
			dependencies = (
			);
			name = ImagePicker;
			productName = ImagePicker;
			productReference = 6B3D0FA71F92D0F300346E32 /* ImagePicker.app */;
			productType = "com.apple.product-type.application";
		};
		6B3D0FBA1F92D0F300346E32 /* ImagePickerTests */ = {
			isa = PBXNativeTarget;
			buildConfigurationList = 6B3D0FD21F92D0F300346E32 /* Build configuration list for PBXNativeTarget "ImagePickerTests" */;
			buildPhases = (
				6B3D0FB71F92D0F300346E32 /* Sources */,
				6B3D0FB81F92D0F300346E32 /* Frameworks */,
				6B3D0FB91F92D0F300346E32 /* Resources */,
			);
			buildRules = (
			);
			dependencies = (
				6B3D0FBD1F92D0F300346E32 /* PBXTargetDependency */,
			);
			name = ImagePickerTests;
			productName = ImagePickerTests;
			productReference = 6B3D0FBB1F92D0F300346E32 /* ImagePickerTests.xctest */;
			productType = "com.apple.product-type.bundle.unit-test";
		};
		6B3D0FC51F92D0F300346E32 /* ImagePickerUITests */ = {
			isa = PBXNativeTarget;
			buildConfigurationList = 6B3D0FD51F92D0F300346E32 /* Build configuration list for PBXNativeTarget "ImagePickerUITests" */;
			buildPhases = (
				6B3D0FC21F92D0F300346E32 /* Sources */,
				6B3D0FC31F92D0F300346E32 /* Frameworks */,
				6B3D0FC41F92D0F300346E32 /* Resources */,
			);
			buildRules = (
			);
			dependencies = (
				6B3D0FC81F92D0F300346E32 /* PBXTargetDependency */,
			);
			name = ImagePickerUITests;
			productName = ImagePickerUITests;
			productReference = 6B3D0FC61F92D0F300346E32 /* ImagePickerUITests.xctest */;
			productType = "com.apple.product-type.bundle.ui-testing";
		};
/* End PBXNativeTarget section */

/* Begin PBXProject section */
		6B3D0F9F1F92D0F300346E32 /* Project object */ = {
			isa = PBXProject;
			attributes = {
				LastSwiftUpdateCheck = 0900;
				LastUpgradeCheck = 0900;
				ORGANIZATIONNAME = "Hugo Zhang";
				TargetAttributes = {
					6B3D0FA61F92D0F300346E32 = {
						CreatedOnToolsVersion = 9.0;
						ProvisioningStyle = Automatic;
					};
					6B3D0FBA1F92D0F300346E32 = {
						CreatedOnToolsVersion = 9.0;
						ProvisioningStyle = Automatic;
						TestTargetID = 6B3D0FA61F92D0F300346E32;
					};
					6B3D0FC51F92D0F300346E32 = {
						CreatedOnToolsVersion = 9.0;
						ProvisioningStyle = Automatic;
						TestTargetID = 6B3D0FA61F92D0F300346E32;
					};
				};
			};
			buildConfigurationList = 6B3D0FA21F92D0F300346E32 /* Build configuration list for PBXProject "ImagePicker" */;
			compatibilityVersion = "Xcode 8.0";
			developmentRegion = en;
			hasScannedForEncodings = 0;
			knownRegions = (
				en,
				Base,
			);
			mainGroup = 6B3D0F9E1F92D0F300346E32;
			productRefGroup = 6B3D0FA81F92D0F300346E32 /* Products */;
			projectDirPath = "";
			projectRoot = "";
			targets = (
				6B3D0FA61F92D0F300346E32 /* ImagePicker */,
				6B3D0FBA1F92D0F300346E32 /* ImagePickerTests */,
				6B3D0FC51F92D0F300346E32 /* ImagePickerUITests */,
			);
		};
/* End PBXProject section */

/* Begin PBXResourcesBuildPhase section */
		6B3D0FA51F92D0F300346E32 /* Resources */ = {
			isa = PBXResourcesBuildPhase;
			buildActionMask = 2147483647;
			files = (
				6B3D0FB51F92D0F300346E32 /* LaunchScreen.storyboard in Resources */,
				6B3D0FB21F92D0F300346E32 /* Assets.xcassets in Resources */,
				6B3D0FB01F92D0F300346E32 /* Main.storyboard in Resources */,
			);
			runOnlyForDeploymentPostprocessing = 0;
		};
		6B3D0FB91F92D0F300346E32 /* Resources */ = {
			isa = PBXResourcesBuildPhase;
			buildActionMask = 2147483647;
			files = (
			);
			runOnlyForDeploymentPostprocessing = 0;
		};
		6B3D0FC41F92D0F300346E32 /* Resources */ = {
			isa = PBXResourcesBuildPhase;
			buildActionMask = 2147483647;
			files = (
			);
			runOnlyForDeploymentPostprocessing = 0;
		};
/* End PBXResourcesBuildPhase section */

/* Begin PBXSourcesBuildPhase section */
		6B3D0FA31F92D0F300346E32 /* Sources */ = {
			isa = PBXSourcesBuildPhase;
			buildActionMask = 2147483647;
			files = (
				6B3D0FAD1F92D0F300346E32 /* ViewController.swift in Sources */,
				6B3D0FD91F9335E600346E32 /* BigImageViewController.swift in Sources */,
				6B3D0FAB1F92D0F300346E32 /* AppDelegate.swift in Sources */,
			);
			runOnlyForDeploymentPostprocessing = 0;
		};
		6B3D0FB71F92D0F300346E32 /* Sources */ = {
			isa = PBXSourcesBuildPhase;
			buildActionMask = 2147483647;
			files = (
				6B3D0FC01F92D0F300346E32 /* ImagePickerTests.swift in Sources */,
			);
			runOnlyForDeploymentPostprocessing = 0;
		};
		6B3D0FC21F92D0F300346E32 /* Sources */ = {
			isa = PBXSourcesBuildPhase;
			buildActionMask = 2147483647;
			files = (
				6B3D0FCB1F92D0F300346E32 /* ImagePickerUITests.swift in Sources */,
			);
			runOnlyForDeploymentPostprocessing = 0;
		};
/* End PBXSourcesBuildPhase section */

/* Begin PBXTargetDependency section */
		6B3D0FBD1F92D0F300346E32 /* PBXTargetDependency */ = {
			isa = PBXTargetDependency;
			target = 6B3D0FA61F92D0F300346E32 /* ImagePicker */;
			targetProxy = 6B3D0FBC1F92D0F300346E32 /* PBXContainerItemProxy */;
		};
		6B3D0FC81F92D0F300346E32 /* PBXTargetDependency */ = {
			isa = PBXTargetDependency;
			target = 6B3D0FA61F92D0F300346E32 /* ImagePicker */;
			targetProxy = 6B3D0FC71F92D0F300346E32 /* PBXContainerItemProxy */;
		};
/* End PBXTargetDependency section */

/* Begin PBXVariantGroup section */
		6B3D0FAE1F92D0F300346E32 /* Main.storyboard */ = {
			isa = PBXVariantGroup;
			children = (
				6B3D0FAF1F92D0F300346E32 /* Base */,
			);
			name = Main.storyboard;
			sourceTree = "<group>";
		};
		6B3D0FB31F92D0F300346E32 /* LaunchScreen.storyboard */ = {
			isa = PBXVariantGroup;
			children = (
				6B3D0FB41F92D0F300346E32 /* Base */,
			);
			name = LaunchScreen.storyboard;
			sourceTree = "<group>";
		};
/* End PBXVariantGroup section */

/* Begin XCBuildConfiguration section */
		6B3D0FCD1F92D0F300346E32 /* Debug */ = {
			isa = XCBuildConfiguration;
			buildSettings = {
				ALWAYS_SEARCH_USER_PATHS = NO;
				CLANG_ANALYZER_NONNULL = YES;
				CLANG_ANALYZER_NUMBER_OBJECT_CONVERSION = YES_AGGRESSIVE;
				CLANG_CXX_LANGUAGE_STANDARD = "gnu++14";
				CLANG_CXX_LIBRARY = "libc++";
				CLANG_ENABLE_MODULES = YES;
				CLANG_ENABLE_OBJC_ARC = YES;
				CLANG_WARN_BLOCK_CAPTURE_AUTORELEASING = YES;
				CLANG_WARN_BOOL_CONVERSION = YES;
				CLANG_WARN_COMMA = YES;
				CLANG_WARN_CONSTANT_CONVERSION = YES;
				CLANG_WARN_DIRECT_OBJC_ISA_USAGE = YES_ERROR;
				CLANG_WARN_DOCUMENTATION_COMMENTS = YES;
				CLANG_WARN_EMPTY_BODY = YES;
				CLANG_WARN_ENUM_CONVERSION = YES;
				CLANG_WARN_INFINITE_RECURSION = YES;
				CLANG_WARN_INT_CONVERSION = YES;
				CLANG_WARN_NON_LITERAL_NULL_CONVERSION = YES;
				CLANG_WARN_OBJC_LITERAL_CONVERSION = YES;
				CLANG_WARN_OBJC_ROOT_CLASS = YES_ERROR;
				CLANG_WARN_RANGE_LOOP_ANALYSIS = YES;
				CLANG_WARN_STRICT_PROTOTYPES = YES;
				CLANG_WARN_SUSPICIOUS_MOVE = YES;
				CLANG_WARN_UNGUARDED_AVAILABILITY = YES_AGGRESSIVE;
				CLANG_WARN_UNREACHABLE_CODE = YES;
				CLANG_WARN__DUPLICATE_METHOD_MATCH = YES;
				CODE_SIGN_IDENTITY = "iPhone Developer";
				COPY_PHASE_STRIP = NO;
				DEBUG_INFORMATION_FORMAT = dwarf;
				ENABLE_STRICT_OBJC_MSGSEND = YES;
				ENABLE_TESTABILITY = YES;
				GCC_C_LANGUAGE_STANDARD = gnu11;
				GCC_DYNAMIC_NO_PIC = NO;
				GCC_NO_COMMON_BLOCKS = YES;
				GCC_OPTIMIZATION_LEVEL = 0;
				GCC_PREPROCESSOR_DEFINITIONS = (
					"DEBUG=1",
					"$(inherited)",
				);
				GCC_WARN_64_TO_32_BIT_CONVERSION = YES;
				GCC_WARN_ABOUT_RETURN_TYPE = YES_ERROR;
				GCC_WARN_UNDECLARED_SELECTOR = YES;
				GCC_WARN_UNINITIALIZED_AUTOS = YES_AGGRESSIVE;
				GCC_WARN_UNUSED_FUNCTION = YES;
				GCC_WARN_UNUSED_VARIABLE = YES;
				IPHONEOS_DEPLOYMENT_TARGET = 11.0;
				MTL_ENABLE_DEBUG_INFO = YES;
				ONLY_ACTIVE_ARCH = YES;
				SDKROOT = iphoneos;
				SWIFT_ACTIVE_COMPILATION_CONDITIONS = DEBUG;
				SWIFT_OPTIMIZATION_LEVEL = "-Onone";
			};
			name = Debug;
		};
		6B3D0FCE1F92D0F300346E32 /* Release */ = {
			isa = XCBuildConfiguration;
			buildSettings = {
				ALWAYS_SEARCH_USER_PATHS = NO;
				CLANG_ANALYZER_NONNULL = YES;
				CLANG_ANALYZER_NUMBER_OBJECT_CONVERSION = YES_AGGRESSIVE;
				CLANG_CXX_LANGUAGE_STANDARD = "gnu++14";
				CLANG_CXX_LIBRARY = "libc++";
				CLANG_ENABLE_MODULES = YES;
				CLANG_ENABLE_OBJC_ARC = YES;
				CLANG_WARN_BLOCK_CAPTURE_AUTORELEASING = YES;
				CLANG_WARN_BOOL_CONVERSION = YES;
				CLANG_WARN_COMMA = YES;
				CLANG_WARN_CONSTANT_CONVERSION = YES;
				CLANG_WARN_DIRECT_OBJC_ISA_USAGE = YES_ERROR;
				CLANG_WARN_DOCUMENTATION_COMMENTS = YES;
				CLANG_WARN_EMPTY_BODY = YES;
				CLANG_WARN_ENUM_CONVERSION = YES;
				CLANG_WARN_INFINITE_RECURSION = YES;
				CLANG_WARN_INT_CONVERSION = YES;
				CLANG_WARN_NON_LITERAL_NULL_CONVERSION = YES;
				CLANG_WARN_OBJC_LITERAL_CONVERSION = YES;
				CLANG_WARN_OBJC_ROOT_CLASS = YES_ERROR;
				CLANG_WARN_RANGE_LOOP_ANALYSIS = YES;
				CLANG_WARN_STRICT_PROTOTYPES = YES;
				CLANG_WARN_SUSPICIOUS_MOVE = YES;
				CLANG_WARN_UNGUARDED_AVAILABILITY = YES_AGGRESSIVE;
				CLANG_WARN_UNREACHABLE_CODE = YES;
				CLANG_WARN__DUPLICATE_METHOD_MATCH = YES;
				CODE_SIGN_IDENTITY = "iPhone Developer";
				COPY_PHASE_STRIP = NO;
				DEBUG_INFORMATION_FORMAT = "dwarf-with-dsym";
				ENABLE_NS_ASSERTIONS = NO;
				ENABLE_STRICT_OBJC_MSGSEND = YES;
				GCC_C_LANGUAGE_STANDARD = gnu11;
				GCC_NO_COMMON_BLOCKS = YES;
				GCC_WARN_64_TO_32_BIT_CONVERSION = YES;
				GCC_WARN_ABOUT_RETURN_TYPE = YES_ERROR;
				GCC_WARN_UNDECLARED_SELECTOR = YES;
				GCC_WARN_UNINITIALIZED_AUTOS = YES_AGGRESSIVE;
				GCC_WARN_UNUSED_FUNCTION = YES;
				GCC_WARN_UNUSED_VARIABLE = YES;
				IPHONEOS_DEPLOYMENT_TARGET = 11.0;
				MTL_ENABLE_DEBUG_INFO = NO;
				SDKROOT = iphoneos;
				SWIFT_OPTIMIZATION_LEVEL = "-Owholemodule";
				VALIDATE_PRODUCT = YES;
			};
			name = Release;
		};
		6B3D0FD01F92D0F300346E32 /* Debug */ = {
			isa = XCBuildConfiguration;
			buildSettings = {
				ASSETCATALOG_COMPILER_APPICON_NAME = AppIcon;
				CODE_SIGN_STYLE = Automatic;
				DEVELOPMENT_TEAM = T8MQVFXG4R;
				INFOPLIST_FILE = ImagePicker/Info.plist;
				LD_RUNPATH_SEARCH_PATHS = "$(inherited) @executable_path/Frameworks";
				PRODUCT_BUNDLE_IDENTIFIER = hugozhang.ImagePicker;
				PRODUCT_NAME = "$(TARGET_NAME)";
				SWIFT_VERSION = 4.0;
				TARGETED_DEVICE_FAMILY = "1,2";
			};
			name = Debug;
		};
		6B3D0FD11F92D0F300346E32 /* Release */ = {
			isa = XCBuildConfiguration;
			buildSettings = {
				ASSETCATALOG_COMPILER_APPICON_NAME = AppIcon;
				CODE_SIGN_STYLE = Automatic;
				DEVELOPMENT_TEAM = T8MQVFXG4R;
				INFOPLIST_FILE = ImagePicker/Info.plist;
				LD_RUNPATH_SEARCH_PATHS = "$(inherited) @executable_path/Frameworks";
				PRODUCT_BUNDLE_IDENTIFIER = hugozhang.ImagePicker;
				PRODUCT_NAME = "$(TARGET_NAME)";
				SWIFT_VERSION = 4.0;
				TARGETED_DEVICE_FAMILY = "1,2";
			};
			name = Release;
		};
		6B3D0FD31F92D0F300346E32 /* Debug */ = {
			isa = XCBuildConfiguration;
			buildSettings = {
				ALWAYS_EMBED_SWIFT_STANDARD_LIBRARIES = YES;
				BUNDLE_LOADER = "$(TEST_HOST)";
				CODE_SIGN_STYLE = Automatic;
				INFOPLIST_FILE = ImagePickerTests/Info.plist;
				LD_RUNPATH_SEARCH_PATHS = "$(inherited) @executable_path/Frameworks @loader_path/Frameworks";
				PRODUCT_BUNDLE_IDENTIFIER = hugozhang.ImagePickerTests;
				PRODUCT_NAME = "$(TARGET_NAME)";
				SWIFT_VERSION = 4.0;
				TARGETED_DEVICE_FAMILY = "1,2";
				TEST_HOST = "$(BUILT_PRODUCTS_DIR)/ImagePicker.app/ImagePicker";
			};
			name = Debug;
		};
		6B3D0FD41F92D0F300346E32 /* Release */ = {
			isa = XCBuildConfiguration;
			buildSettings = {
				ALWAYS_EMBED_SWIFT_STANDARD_LIBRARIES = YES;
				BUNDLE_LOADER = "$(TEST_HOST)";
				CODE_SIGN_STYLE = Automatic;
				INFOPLIST_FILE = ImagePickerTests/Info.plist;
				LD_RUNPATH_SEARCH_PATHS = "$(inherited) @executable_path/Frameworks @loader_path/Frameworks";
				PRODUCT_BUNDLE_IDENTIFIER = hugozhang.ImagePickerTests;
				PRODUCT_NAME = "$(TARGET_NAME)";
				SWIFT_VERSION = 4.0;
				TARGETED_DEVICE_FAMILY = "1,2";
				TEST_HOST = "$(BUILT_PRODUCTS_DIR)/ImagePicker.app/ImagePicker";
			};
			name = Release;
		};
		6B3D0FD61F92D0F300346E32 /* Debug */ = {
			isa = XCBuildConfiguration;
			buildSettings = {
				ALWAYS_EMBED_SWIFT_STANDARD_LIBRARIES = YES;
				CODE_SIGN_STYLE = Automatic;
				INFOPLIST_FILE = ImagePickerUITests/Info.plist;
				LD_RUNPATH_SEARCH_PATHS = "$(inherited) @executable_path/Frameworks @loader_path/Frameworks";
				PRODUCT_BUNDLE_IDENTIFIER = hugozhang.ImagePickerUITests;
				PRODUCT_NAME = "$(TARGET_NAME)";
				SWIFT_VERSION = 4.0;
				TARGETED_DEVICE_FAMILY = "1,2";
				TEST_TARGET_NAME = ImagePicker;
			};
			name = Debug;
		};
		6B3D0FD71F92D0F300346E32 /* Release */ = {
			isa = XCBuildConfiguration;
			buildSettings = {
				ALWAYS_EMBED_SWIFT_STANDARD_LIBRARIES = YES;
				CODE_SIGN_STYLE = Automatic;
				INFOPLIST_FILE = ImagePickerUITests/Info.plist;
				LD_RUNPATH_SEARCH_PATHS = "$(inherited) @executable_path/Frameworks @loader_path/Frameworks";
				PRODUCT_BUNDLE_IDENTIFIER = hugozhang.ImagePickerUITests;
				PRODUCT_NAME = "$(TARGET_NAME)";
				SWIFT_VERSION = 4.0;
				TARGETED_DEVICE_FAMILY = "1,2";
				TEST_TARGET_NAME = ImagePicker;
			};
			name = Release;
		};
/* End XCBuildConfiguration section */

/* Begin XCConfigurationList section */
		6B3D0FA21F92D0F300346E32 /* Build configuration list for PBXProject "ImagePicker" */ = {
			isa = XCConfigurationList;
			buildConfigurations = (
				6B3D0FCD1F92D0F300346E32 /* Debug */,
				6B3D0FCE1F92D0F300346E32 /* Release */,
			);
			defaultConfigurationIsVisible = 0;
			defaultConfigurationName = Release;
		};
		6B3D0FCF1F92D0F300346E32 /* Build configuration list for PBXNativeTarget "ImagePicker" */ = {
			isa = XCConfigurationList;
			buildConfigurations = (
				6B3D0FD01F92D0F300346E32 /* Debug */,
				6B3D0FD11F92D0F300346E32 /* Release */,
			);
			defaultConfigurationIsVisible = 0;
			defaultConfigurationName = Release;
		};
		6B3D0FD21F92D0F300346E32 /* Build configuration list for PBXNativeTarget "ImagePickerTests" */ = {
			isa = XCConfigurationList;
			buildConfigurations = (
				6B3D0FD31F92D0F300346E32 /* Debug */,
				6B3D0FD41F92D0F300346E32 /* Release */,
			);
			defaultConfigurationIsVisible = 0;
			defaultConfigurationName = Release;
		};
		6B3D0FD51F92D0F300346E32 /* Build configuration list for PBXNativeTarget "ImagePickerUITests" */ = {
			isa = XCConfigurationList;
			buildConfigurations = (
				6B3D0FD61F92D0F300346E32 /* Debug */,
				6B3D0FD71F92D0F300346E32 /* Release */,
			);
			defaultConfigurationIsVisible = 0;
			defaultConfigurationName = Release;
		};
/* End XCConfigurationList section */
	};
	rootObject = 6B3D0F9F1F92D0F300346E32 /* Project object */;
}
